// !$*UTF8*$!
{
	archiveVersion = 1;
	classes = {
	};
	objectVersion = 46;
	objects = {

/* Begin PBXBuildFile section */
		B127C85715EB0570006329E5 /* thumbnail@2x.png in Resources */ = {isa = PBXBuildFile; fileRef = B127C85615EB0570006329E5 /* thumbnail@2x.png */; };
		B13CB888154E0EA9006A688E /* Color.h in Headers */ = {isa = PBXBuildFile; fileRef = B13CB886154E0EA9006A688E /* Color.h */; };
		B13CB889154E0EA9006A688E /* Color.m in Sources */ = {isa = PBXBuildFile; fileRef = B13CB887154E0EA9006A688E /* Color.m */; };
		B13F77E7154636F800FBB308 /* ConfigSheet.xib in Resources */ = {isa = PBXBuildFile; fileRef = B13F77E6154636F800FBB308 /* ConfigSheet.xib */; };
		D063F175152B5F6400C41757 /* Cocoa.framework in Frameworks */ = {isa = PBXBuildFile; fileRef = D063F174152B5F6400C41757 /* Cocoa.framework */; };
		D063F177152B5F6400C41757 /* ScreenSaver.framework in Frameworks */ = {isa = PBXBuildFile; fileRef = D063F176152B5F6400C41757 /* ScreenSaver.framework */; };
		D063F181152B5F6400C41757 /* InfoPlist.strings in Resources */ = {isa = PBXBuildFile; fileRef = D063F17F152B5F6400C41757 /* InfoPlist.strings */; };
		D063F185152B5F6400C41757 /* HelveticolorView.m in Sources */ = {isa = PBXBuildFile; fileRef = D063F184152B5F6400C41757 /* HelveticolorView.m */; };
		D07B33EA15B5D62C00CFFB2B /* NSAttributedString+Hyperlink.h in Headers */ = {isa = PBXBuildFile; fileRef = D07B33E815B5D62C00CFFB2B /* NSAttributedString+Hyperlink.h */; };
		D07B33EB15B5D62C00CFFB2B /* NSAttributedString+Hyperlink.m in Sources */ = {isa = PBXBuildFile; fileRef = D07B33E915B5D62C00CFFB2B /* NSAttributedString+Hyperlink.m */; };
		D0D7EB881594DA6100E21488 /* Palette.h in Headers */ = {isa = PBXBuildFile; fileRef = D0D7EB861594DA6100E21488 /* Palette.h */; };
		D0D7EB891594DA6100E21488 /* Palette.m in Sources */ = {isa = PBXBuildFile; fileRef = D0D7EB871594DA6100E21488 /* Palette.m */; };
/* End PBXBuildFile section */

/* Begin PBXFileReference section */
		B127C85615EB0570006329E5 /* thumbnail@2x.png */ = {isa = PBXFileReference; lastKnownFileType = image.png; path = "thumbnail@2x.png"; sourceTree = "<group>"; };
		B13CB886154E0EA9006A688E /* Color.h */ = {isa = PBXFileReference; fileEncoding = 4; lastKnownFileType = sourcecode.c.h; path = Color.h; sourceTree = "<group>"; };
		B13CB887154E0EA9006A688E /* Color.m */ = {isa = PBXFileReference; fileEncoding = 4; lastKnownFileType = sourcecode.c.objc; path = Color.m; sourceTree = "<group>"; };
		B13F77E6154636F800FBB308 /* ConfigSheet.xib */ = {isa = PBXFileReference; fileEncoding = 4; lastKnownFileType = file.xib; path = ConfigSheet.xib; sourceTree = "<group>"; };
		D063F171152B5F6400C41757 /* Helveticolor.saver */ = {isa = PBXFileReference; explicitFileType = wrapper.cfbundle; includeInIndex = 0; path = Helveticolor.saver; sourceTree = BUILT_PRODUCTS_DIR; };
		D063F174152B5F6400C41757 /* Cocoa.framework */ = {isa = PBXFileReference; lastKnownFileType = wrapper.framework; name = Cocoa.framework; path = System/Library/Frameworks/Cocoa.framework; sourceTree = SDKROOT; };
		D063F176152B5F6400C41757 /* ScreenSaver.framework */ = {isa = PBXFileReference; lastKnownFileType = wrapper.framework; name = ScreenSaver.framework; path = System/Library/Frameworks/ScreenSaver.framework; sourceTree = SDKROOT; };
		D063F179152B5F6400C41757 /* AppKit.framework */ = {isa = PBXFileReference; lastKnownFileType = wrapper.framework; name = AppKit.framework; path = System/Library/Frameworks/AppKit.framework; sourceTree = SDKROOT; };
		D063F17A152B5F6400C41757 /* CoreData.framework */ = {isa = PBXFileReference; lastKnownFileType = wrapper.framework; name = CoreData.framework; path = System/Library/Frameworks/CoreData.framework; sourceTree = SDKROOT; };
		D063F17B152B5F6400C41757 /* Foundation.framework */ = {isa = PBXFileReference; lastKnownFileType = wrapper.framework; name = Foundation.framework; path = System/Library/Frameworks/Foundation.framework; sourceTree = SDKROOT; };
		D063F17E152B5F6400C41757 /* Helveticolor-Info.plist */ = {isa = PBXFileReference; lastKnownFileType = text.plist.xml; path = "Helveticolor-Info.plist"; sourceTree = "<group>"; };
		D063F180152B5F6400C41757 /* en */ = {isa = PBXFileReference; lastKnownFileType = text.plist.strings; name = en; path = en.lproj/InfoPlist.strings; sourceTree = "<group>"; };
		D063F182152B5F6400C41757 /* Helveticolor-Prefix.pch */ = {isa = PBXFileReference; lastKnownFileType = sourcecode.c.h; path = "Helveticolor-Prefix.pch"; sourceTree = "<group>"; };
		D063F183152B5F6400C41757 /* HelveticolorView.h */ = {isa = PBXFileReference; lastKnownFileType = sourcecode.c.h; path = HelveticolorView.h; sourceTree = "<group>"; };
		D063F184152B5F6400C41757 /* HelveticolorView.m */ = {isa = PBXFileReference; lastKnownFileType = sourcecode.c.objc; path = HelveticolorView.m; sourceTree = "<group>"; };
		D07B33E815B5D62C00CFFB2B /* NSAttributedString+Hyperlink.h */ = {isa = PBXFileReference; fileEncoding = 4; lastKnownFileType = sourcecode.c.h; path = "NSAttributedString+Hyperlink.h"; sourceTree = "<group>"; };
		D07B33E915B5D62C00CFFB2B /* NSAttributedString+Hyperlink.m */ = {isa = PBXFileReference; fileEncoding = 4; lastKnownFileType = sourcecode.c.objc; path = "NSAttributedString+Hyperlink.m"; sourceTree = "<group>"; };
		D0D7EB861594DA6100E21488 /* Palette.h */ = {isa = PBXFileReference; fileEncoding = 4; lastKnownFileType = sourcecode.c.h; path = Palette.h; sourceTree = "<group>"; };
		D0D7EB871594DA6100E21488 /* Palette.m */ = {isa = PBXFileReference; fileEncoding = 4; lastKnownFileType = sourcecode.c.objc; path = Palette.m; sourceTree = "<group>"; };
/* End PBXFileReference section */

/* Begin PBXFrameworksBuildPhase section */
		D063F16C152B5F6400C41757 /* Frameworks */ = {
			isa = PBXFrameworksBuildPhase;
			buildActionMask = 2147483647;
			files = (
				D063F175152B5F6400C41757 /* Cocoa.framework in Frameworks */,
				D063F177152B5F6400C41757 /* ScreenSaver.framework in Frameworks */,
			);
			runOnlyForDeploymentPostprocessing = 0;
		};
/* End PBXFrameworksBuildPhase section */

/* Begin PBXGroup section */
		D063F164152B5F6400C41757 = {
			isa = PBXGroup;
			children = (
				D063F17C152B5F6400C41757 /* Helveticolor */,
				D063F173152B5F6400C41757 /* Frameworks */,
				D063F172152B5F6400C41757 /* Products */,
			);
			sourceTree = "<group>";
		};
		D063F172152B5F6400C41757 /* Products */ = {
			isa = PBXGroup;
			children = (
				D063F171152B5F6400C41757 /* Helveticolor.saver */,
			);
			name = Products;
			sourceTree = "<group>";
		};
		D063F173152B5F6400C41757 /* Frameworks */ = {
			isa = PBXGroup;
			children = (
				D063F174152B5F6400C41757 /* Cocoa.framework */,
				D063F176152B5F6400C41757 /* ScreenSaver.framework */,
				D063F178152B5F6400C41757 /* Other Frameworks */,
			);
			name = Frameworks;
			sourceTree = "<group>";
		};
		D063F178152B5F6400C41757 /* Other Frameworks */ = {
			isa = PBXGroup;
			children = (
				D063F179152B5F6400C41757 /* AppKit.framework */,
				D063F17A152B5F6400C41757 /* CoreData.framework */,
				D063F17B152B5F6400C41757 /* Foundation.framework */,
			);
			name = "Other Frameworks";
			sourceTree = "<group>";
		};
		D063F17C152B5F6400C41757 /* Helveticolor */ = {
			isa = PBXGroup;
			children = (
				D063F183152B5F6400C41757 /* HelveticolorView.h */,
				D063F184152B5F6400C41757 /* HelveticolorView.m */,
				B13CB886154E0EA9006A688E /* Color.h */,
				B13CB887154E0EA9006A688E /* Color.m */,
				D0D7EB861594DA6100E21488 /* Palette.h */,
				D0D7EB871594DA6100E21488 /* Palette.m */,
				D07B33E815B5D62C00CFFB2B /* NSAttributedString+Hyperlink.h */,
				D07B33E915B5D62C00CFFB2B /* NSAttributedString+Hyperlink.m */,
				D063F17D152B5F6400C41757 /* Supporting Files */,
			);
			path = Helveticolor;
			sourceTree = "<group>";
		};
		D063F17D152B5F6400C41757 /* Supporting Files */ = {
			isa = PBXGroup;
			children = (
				B127C85615EB0570006329E5 /* thumbnail@2x.png */,
				B13F77E6154636F800FBB308 /* ConfigSheet.xib */,
				D063F17E152B5F6400C41757 /* Helveticolor-Info.plist */,
				D063F17F152B5F6400C41757 /* InfoPlist.strings */,
				D063F182152B5F6400C41757 /* Helveticolor-Prefix.pch */,
			);
			name = "Supporting Files";
			sourceTree = "<group>";
		};
/* End PBXGroup section */

/* Begin PBXHeadersBuildPhase section */
		D063F16D152B5F6400C41757 /* Headers */ = {
			isa = PBXHeadersBuildPhase;
			buildActionMask = 2147483647;
			files = (
				B13CB888154E0EA9006A688E /* Color.h in Headers */,
				D0D7EB881594DA6100E21488 /* Palette.h in Headers */,
				D07B33EA15B5D62C00CFFB2B /* NSAttributedString+Hyperlink.h in Headers */,
			);
			runOnlyForDeploymentPostprocessing = 0;
		};
/* End PBXHeadersBuildPhase section */

/* Begin PBXNativeTarget section */
		D063F170152B5F6400C41757 /* Helveticolor */ = {
			isa = PBXNativeTarget;
			buildConfigurationList = D063F188152B5F6400C41757 /* Build configuration list for PBXNativeTarget "Helveticolor" */;
			buildPhases = (
				D063F16B152B5F6400C41757 /* Sources */,
				D063F16C152B5F6400C41757 /* Frameworks */,
				D063F16D152B5F6400C41757 /* Headers */,
				D063F16E152B5F6400C41757 /* Resources */,
				D063F16F152B5F6400C41757 /* Rez */,
			);
			buildRules = (
			);
			dependencies = (
			);
			name = Helveticolor;
			productName = Helveticolor;
			productReference = D063F171152B5F6400C41757 /* Helveticolor.saver */;
			productType = "com.apple.product-type.bundle";
		};
/* End PBXNativeTarget section */

/* Begin PBXProject section */
		D063F166152B5F6400C41757 /* Project object */ = {
			isa = PBXProject;
			attributes = {
				LastUpgradeCheck = 0440;
			};
			buildConfigurationList = D063F169152B5F6400C41757 /* Build configuration list for PBXProject "Helveticolor" */;
			compatibilityVersion = "Xcode 3.2";
			developmentRegion = English;
			hasScannedForEncodings = 0;
			knownRegions = (
				en,
			);
			mainGroup = D063F164152B5F6400C41757;
			productRefGroup = D063F172152B5F6400C41757 /* Products */;
			projectDirPath = "";
			projectRoot = "";
			targets = (
				D063F170152B5F6400C41757 /* Helveticolor */,
			);
		};
/* End PBXProject section */

/* Begin PBXResourcesBuildPhase section */
		D063F16E152B5F6400C41757 /* Resources */ = {
			isa = PBXResourcesBuildPhase;
			buildActionMask = 2147483647;
			files = (
				D063F181152B5F6400C41757 /* InfoPlist.strings in Resources */,
				B13F77E7154636F800FBB308 /* ConfigSheet.xib in Resources */,
				B127C85715EB0570006329E5 /* thumbnail@2x.png in Resources */,
			);
			runOnlyForDeploymentPostprocessing = 0;
		};
/* End PBXResourcesBuildPhase section */

/* Begin PBXRezBuildPhase section */
		D063F16F152B5F6400C41757 /* Rez */ = {
			isa = PBXRezBuildPhase;
			buildActionMask = 2147483647;
			files = (
			);
			runOnlyForDeploymentPostprocessing = 0;
		};
/* End PBXRezBuildPhase section */

/* Begin PBXSourcesBuildPhase section */
		D063F16B152B5F6400C41757 /* Sources */ = {
			isa = PBXSourcesBuildPhase;
			buildActionMask = 2147483647;
			files = (
				D063F185152B5F6400C41757 /* HelveticolorView.m in Sources */,
				B13CB889154E0EA9006A688E /* Color.m in Sources */,
				D0D7EB891594DA6100E21488 /* Palette.m in Sources */,
				D07B33EB15B5D62C00CFFB2B /* NSAttributedString+Hyperlink.m in Sources */,
			);
			runOnlyForDeploymentPostprocessing = 0;
		};
/* End PBXSourcesBuildPhase section */

/* Begin PBXVariantGroup section */
		D063F17F152B5F6400C41757 /* InfoPlist.strings */ = {
			isa = PBXVariantGroup;
			children = (
				D063F180152B5F6400C41757 /* en */,
			);
			name = InfoPlist.strings;
			sourceTree = "<group>";
		};
/* End PBXVariantGroup section */

/* Begin XCBuildConfiguration section */
		D063F186152B5F6400C41757 /* Debug */ = {
			isa = XCBuildConfiguration;
			buildSettings = {
				ALWAYS_SEARCH_USER_PATHS = NO;
				ARCHS = "$(ARCHS_STANDARD_64_BIT)";
				COPY_PHASE_STRIP = NO;
				GCC_C_LANGUAGE_STANDARD = gnu99;
				GCC_DYNAMIC_NO_PIC = NO;
				GCC_ENABLE_OBJC_EXCEPTIONS = YES;
				GCC_ENABLE_OBJC_GC = supported;
				GCC_OPTIMIZATION_LEVEL = 0;
				GCC_PREPROCESSOR_DEFINITIONS = (
					"DEBUG=1",
					"$(inherited)",
				);
				GCC_SYMBOLS_PRIVATE_EXTERN = NO;
				GCC_VERSION = com.apple.compilers.llvm.clang.1_0;
				GCC_WARN_64_TO_32_BIT_CONVERSION = YES;
				GCC_WARN_ABOUT_RETURN_TYPE = YES;
				GCC_WARN_UNINITIALIZED_AUTOS = YES;
				GCC_WARN_UNUSED_VARIABLE = YES;
				MACOSX_DEPLOYMENT_TARGET = 10.7;
				ONLY_ACTIVE_ARCH = YES;
				SDKROOT = macosx;
			};
			name = Debug;
		};
		D063F187152B5F6400C41757 /* Release */ = {
			isa = XCBuildConfiguration;
			buildSettings = {
				ALWAYS_SEARCH_USER_PATHS = NO;
				ARCHS = "$(ARCHS_STANDARD_64_BIT)";
				COPY_PHASE_STRIP = YES;
				DEBUG_INFORMATION_FORMAT = "dwarf-with-dsym";
				GCC_C_LANGUAGE_STANDARD = gnu99;
				GCC_ENABLE_OBJC_EXCEPTIONS = YES;
				GCC_ENABLE_OBJC_GC = supported;
				GCC_VERSION = com.apple.compilers.llvm.clang.1_0;
				GCC_WARN_64_TO_32_BIT_CONVERSION = YES;
				GCC_WARN_ABOUT_RETURN_TYPE = YES;
				GCC_WARN_UNINITIALIZED_AUTOS = YES;
				GCC_WARN_UNUSED_VARIABLE = YES;
				MACOSX_DEPLOYMENT_TARGET = 10.7;
				ONLY_ACTIVE_ARCH = YES;
				SDKROOT = macosx;
			};
			name = Release;
		};
		D063F189152B5F6400C41757 /* Debug */ = {
			isa = XCBuildConfiguration;
			buildSettings = {
				COMBINE_HIDPI_IMAGES = YES;
				GCC_PRECOMPILE_PREFIX_HEADER = YES;
				GCC_PREFIX_HEADER = "Helveticolor/Helveticolor-Prefix.pch";
				INFOPLIST_FILE = "Helveticolor/Helveticolor-Info.plist";
				INSTALL_PATH = "$(HOME)/Library/Screen Savers";
				PRODUCT_NAME = "$(TARGET_NAME)";
				WRAPPER_EXTENSION = saver;
			};
			name = Debug;
		};
		D063F18A152B5F6400C41757 /* Release */ = {
			isa = XCBuildConfiguration;
			buildSettings = {
				COMBINE_HIDPI_IMAGES = YES;
				GCC_PRECOMPILE_PREFIX_HEADER = YES;
				GCC_PREFIX_HEADER = "Helveticolor/Helveticolor-Prefix.pch";
				INFOPLIST_FILE = "Helveticolor/Helveticolor-Info.plist";
				INSTALL_PATH = "$(HOME)/Library/Screen Savers";
				PRODUCT_NAME = "$(TARGET_NAME)";
				WRAPPER_EXTENSION = saver;
			};
			name = Release;
		};
/* End XCBuildConfiguration section */

/* Begin XCConfigurationList section */
		D063F169152B5F6400C41757 /* Build configuration list for PBXProject "Helveticolor" */ = {
			isa = XCConfigurationList;
			buildConfigurations = (
				D063F186152B5F6400C41757 /* Debug */,
				D063F187152B5F6400C41757 /* Release */,
			);
			defaultConfigurationIsVisible = 0;
			defaultConfigurationName = Release;
		};
		D063F188152B5F6400C41757 /* Build configuration list for PBXNativeTarget "Helveticolor" */ = {
			isa = XCConfigurationList;
			buildConfigurations = (
				D063F189152B5F6400C41757 /* Debug */,
				D063F18A152B5F6400C41757 /* Release */,
			);
			defaultConfigurationIsVisible = 0;
			defaultConfigurationName = Release;
		};
/* End XCConfigurationList section */
	};
	rootObject = D063F166152B5F6400C41757 /* Project object */;
}
